<?xml version="1.0" encoding="utf-8"?>
<Project ToolsVersion="4.0" xmlns="http://schemas.microsoft.com/developer/msbuild/2003">
  <ItemGroup>
    <ClCompile Include="pch.cpp" />
    <ClCompile Include="..\..\Common\source\MaxQTestDefinitions.cpp">
      <Filter>Common\Source</Filter>
    </ClCompile>
    <ClCompile Include="USpiceTypes\FSEulerAngles.cpp">
      <Filter>USpiceTypes</Filter>
    </ClCompile>
    <ClCompile Include="USpiceTypes\FSEulerAngularState.cpp">
      <Filter>USpiceTypes</Filter>
    </ClCompile>
    <ClCompile Include="USpiceTypes\FSEulerAngularTransform.cpp">
      <Filter>USpiceTypes</Filter>
    </ClCompile>
    <ClCompile Include="USpiceTypes\FSGeodeticStateVector.cpp">
      <Filter>USpiceTypes</Filter>
    </ClCompile>
    <ClCompile Include="USpiceTypes\FSGeodeticVector.cpp">
      <Filter>USpiceTypes</Filter>
    </ClCompile>
    <ClCompile Include="USpiceTypes\FSGeodeticVectorRates.cpp">
      <Filter>USpiceTypes</Filter>
    </ClCompile>
    <ClCompile Include="USpiceTypes\FSLatitudinalStateVector.cpp">
      <Filter>USpiceTypes</Filter>
    </ClCompile>
    <ClCompile Include="USpiceTypes\FSLatitudinalVector.cpp">
      <Filter>USpiceTypes</Filter>
    </ClCompile>
    <ClCompile Include="USpiceTypes\FSLatitudinalVectorRates.cpp">
      <Filter>USpiceTypes</Filter>
    </ClCompile>
    <ClCompile Include="USpiceTypes\FSLimptCut.cpp">
      <Filter>USpiceTypes</Filter>
    </ClCompile>
    <ClCompile Include="USpiceTypes\FSLimptPoint.cpp">
      <Filter>USpiceTypes</Filter>
    </ClCompile>
    <ClCompile Include="USpiceTypes\FSLonLat.cpp">
      <Filter>USpiceTypes</Filter>
    </ClCompile>
    <ClCompile Include="USpiceTypes\FSMassConstant.cpp">
      <Filter>USpiceTypes</Filter>
    </ClCompile>
    <ClCompile Include="USpiceTypes\FSPKType5Observation.cpp">
      <Filter>USpiceTypes</Filter>
    </ClCompile>
    <ClCompile Include="USpiceTypes\FSPKType15Observation.cpp">
      <Filter>USpiceTypes</Filter>
    </ClCompile>
    <ClCompile Include="USpiceTypes\FSPlane.cpp">
      <Filter>USpiceTypes</Filter>
    </ClCompile>
    <ClCompile Include="USpiceTypes\FSPlanetographicStateVector.cpp">
      <Filter>USpiceTypes</Filter>
    </ClCompile>
    <ClCompile Include="USpiceTypes\FSPlanetographicVector.cpp">
      <Filter>USpiceTypes</Filter>
    </ClCompile>
    <ClCompile Include="USpiceTypes\FSPlanetographicVectorRates.cpp">
      <Filter>USpiceTypes</Filter>
    </ClCompile>
    <ClCompile Include="USpiceTypes\FSPlateIndices.cpp">
      <Filter>USpiceTypes</Filter>
    </ClCompile>
    <ClCompile Include="USpiceTypes\FSPointingType1Observation.cpp">
      <Filter>USpiceTypes</Filter>
    </ClCompile>
    <ClCompile Include="USpiceTypes\FSPointingType2Observation.cpp">
      <Filter>USpiceTypes</Filter>
    </ClCompile>
    <ClCompile Include="USpiceTypes\FSPointingType5Observation.cpp">
      <Filter>USpiceTypes</Filter>
    </ClCompile>
    <ClCompile Include="USpiceTypes\FSQuaternion.cpp">
      <Filter>USpiceTypes</Filter>
    </ClCompile>
    <ClCompile Include="USpiceTypes\FSRay.cpp">
      <Filter>USpiceTypes</Filter>
    </ClCompile>
    <ClCompile Include="USpiceTypes\FSRotationMatrix.cpp">
      <Filter>USpiceTypes</Filter>
    </ClCompile>
    <ClCompile Include="USpiceTypes\FSSpeed.cpp">
      <Filter>USpiceTypes</Filter>
    </ClCompile>
    <ClCompile Include="USpiceTypes\FSSphericalStateVector.cpp">
      <Filter>USpiceTypes</Filter>
    </ClCompile>
    <ClCompile Include="USpiceTypes\FSSphericalVector.cpp">
      <Filter>USpiceTypes</Filter>
    </ClCompile>
    <ClCompile Include="USpiceTypes\FSSphericalVectorRates.cpp">
      <Filter>USpiceTypes</Filter>
    </ClCompile>
    <ClCompile Include="USpiceTypes\FSStateTransform.cpp">
      <Filter>USpiceTypes</Filter>
    </ClCompile>
    <ClCompile Include="USpiceTypes\FSStateVector.cpp">
      <Filter>USpiceTypes</Filter>
    </ClCompile>
    <ClCompile Include="USpiceTypes\FSTermptCut.cpp">
      <Filter>USpiceTypes</Filter>
    </ClCompile>
    <ClCompile Include="USpiceTypes\FSTermptPoint.cpp">
      <Filter>USpiceTypes</Filter>
    </ClCompile>
    <ClCompile Include="USpiceTypes\FSTLEGeophysicalConstants.cpp">
      <Filter>USpiceTypes</Filter>
    </ClCompile>
    <ClCompile Include="USpiceTypes\FSTwoLineElements.cpp">
      <Filter>USpiceTypes</Filter>
    </ClCompile>
    <ClCompile Include="USpiceTypes\FSVelocityVector.cpp">
      <Filter>USpiceTypes</Filter>
    </ClCompile>
    <ClCompile Include="USpiceTypes\FSWindowSegment.cpp">
      <Filter>USpiceTypes</Filter>
    </ClCompile>
    <ClCompile Include="USpiceTypes\USpiceTypes_normalize0to360.cpp">
      <Filter>USpiceTypes</Filter>
    </ClCompile>
    <ClCompile Include="USpiceTypes\USpiceTypes_normalize180to180.cpp">
      <Filter>USpiceTypes</Filter>
    </ClCompile>
    <ClCompile Include="USpiceTypes\USpiceTypes_normalizePiToPi.cpp">
      <Filter>USpiceTypes</Filter>
    </ClCompile>
    <ClCompile Include="USpiceTypes\USpiceTypes_normalizeZeroToTwoPi.cpp">
      <Filter>USpiceTypes</Filter>
    </ClCompile>
    <ClCompile Include="USpiceTypes\FSAngle.cpp">
      <Filter>USpiceTypes</Filter>
    </ClCompile>
    <ClCompile Include="USpiceTypes\FSAngularRate.cpp">
      <Filter>USpiceTypes</Filter>
    </ClCompile>
    <ClCompile Include="USpiceTypes\FSAngularVelocity.cpp">
      <Filter>USpiceTypes</Filter>
    </ClCompile>
    <ClCompile Include="USpiceTypes\FSComplexScalar.cpp">
      <Filter>USpiceTypes</Filter>
    </ClCompile>
    <ClCompile Include="USpiceTypes\FSConicElements.cpp">
      <Filter>USpiceTypes</Filter>
    </ClCompile>
    <ClCompile Include="USpiceTypes\FSCylindricalStateVector.cpp">
      <Filter>USpiceTypes</Filter>
    </ClCompile>
    <ClCompile Include="USpiceTypes\FSCylindricalVector.cpp">
      <Filter>USpiceTypes</Filter>
    </ClCompile>
    <ClCompile Include="USpiceTypes\FSCylindricalVectorRates.cpp">
      <Filter>USpiceTypes</Filter>
    </ClCompile>
    <ClCompile Include="USpiceTypes\FSDimensionlessStateVector.cpp">
      <Filter>USpiceTypes</Filter>
    </ClCompile>
    <ClCompile Include="USpiceTypes\FSDimensionlessVector.cpp">
      <Filter>USpiceTypes</Filter>
    </ClCompile>
    <ClCompile Include="USpiceTypes\FSDistance.cpp">
      <Filter>USpiceTypes</Filter>
    </ClCompile>
    <ClCompile Include="USpiceTypes\FSDistanceVector.cpp">
      <Filter>USpiceTypes</Filter>
    </ClCompile>
    <ClCompile Include="USpiceTypes\FSDLADescr.cpp">
      <Filter>USpiceTypes</Filter>
    </ClCompile>
    <ClCompile Include="USpiceTypes\FSDSKDescr.cpp">
      <Filter>USpiceTypes</Filter>
    </ClCompile>
    <ClCompile Include="USpiceTypes\FSEllipse.cpp">
      <Filter>USpiceTypes</Filter>
    </ClCompile>
    <ClCompile Include="USpiceTypes\FSEphemerisPeriod.cpp">
      <Filter>USpiceTypes</Filter>
    </ClCompile>
    <ClCompile Include="USpiceTypes\FSEphemerisTime.cpp">
      <Filter>USpiceTypes</Filter>
    </ClCompile>
    <ClCompile Include="USpiceTypes\FSEphemerisTimeWindowSegment.cpp">
      <Filter>USpiceTypes</Filter>
    </ClCompile>
    <ClCompile Include="USpiceTypes\FSEquinoctialElements.cpp">
      <Filter>USpiceTypes</Filter>
    </ClCompile>
    <ClCompile Include="USpice\m2q.cpp">
      <Filter>USpice</Filter>
    </ClCompile>
    <ClCompile Include="USpice\mxm.cpp">
      <Filter>USpice</Filter>
    </ClCompile>
    <ClCompile Include="USpice\mxv.cpp">
      <Filter>USpice</Filter>
    </ClCompile>
    <ClCompile Include="USpice\mxv_angular.cpp">
      <Filter>USpice</Filter>
    </ClCompile>
    <ClCompile Include="USpice\mxv_distance.cpp">
      <Filter>USpice</Filter>
    </ClCompile>
    <ClCompile Include="USpice\mxv_state.cpp">
      <Filter>USpice</Filter>
    </ClCompile>
    <ClCompile Include="USpice\oscelt.cpp">
      <Filter>USpice</Filter>
    </ClCompile>
    <ClCompile Include="USpice\prop2b.cpp">
      <Filter>USpice</Filter>
    </ClCompile>
    <ClCompile Include="USpice\pxform.cpp">
      <Filter>USpice</Filter>
    </ClCompile>
    <ClCompile Include="USpice\q2m.cpp">
      <Filter>USpice</Filter>
    </ClCompile>
    <ClCompile Include="USpice\spkcvt.cpp">
      <Filter>USpice</Filter>
    </ClCompile>
    <ClCompile Include="USpice\spkezr.cpp">
      <Filter>USpice</Filter>
    </ClCompile>
    <ClCompile Include="USpice\spkpos.cpp">
      <Filter>USpice</Filter>
    </ClCompile>
    <ClCompile Include="USpice\sxform.cpp">
      <Filter>USpice</Filter>
    </ClCompile>
    <ClCompile Include="USpice\unload.cpp">
      <Filter>USpice</Filter>
    </ClCompile>
    <ClCompile Include="USpice\vcrss.cpp">
      <Filter>USpice</Filter>
    </ClCompile>
    <ClCompile Include="USpice\xf2rav.cpp">
      <Filter>USpice</Filter>
    </ClCompile>
    <ClCompile Include="USpice\bodvrd_distance_vector.cpp">
      <Filter>USpice</Filter>
    </ClCompile>
    <ClCompile Include="USpice\bodvrd_mass.cpp">
      <Filter>USpice</Filter>
    </ClCompile>
    <ClCompile Include="USpice\clear_all.cpp">
      <Filter>USpice</Filter>
    </ClCompile>
    <ClCompile Include="USpice\combine_paths.cpp">
      <Filter>USpice</Filter>
    </ClCompile>
    <ClCompile Include="USpice\conics.cpp">
      <Filter>USpice</Filter>
    </ClCompile>
    <ClCompile Include="USpice\enumerate_kernels.cpp">
      <Filter>USpice</Filter>
    </ClCompile>
    <ClCompile Include="USpice\furnsh.cpp">
      <Filter>USpice</Filter>
    </ClCompile>
    <ClCompile Include="USpice\furnsh_list.cpp">
      <Filter>USpice</Filter>
    </ClCompile>
    <ClCompile Include="USpice\init_all.cpp">
      <Filter>USpice</Filter>
    </ClCompile>
    <ClCompile Include="USpiceTypes\USpiceTypes_Conv_VectorToSDimensionlessVector.cpp">
      <Filter>USpiceTypes</Filter>
    </ClCompile>
    <ClCompile Include="USpiceTypes\USpiceTypes_Conv_VectorToSDistanceVector.cpp">
      <Filter>USpiceTypes</Filter>
    </ClCompile>
    <ClCompile Include="USpiceTypes\USpiceTypes_Conv_VectorToSVelocityVector.cpp">
      <Filter>USpiceTypes</Filter>
    </ClCompile>
    <ClCompile Include="USpiceTypes\USpiceTypes_Conv_VectorToSAngularVelocity.cpp">
      <Filter>USpiceTypes</Filter>
    </ClCompile>
    <ClCompile Include="USpiceTypes\USpiceTypes_Conv_SAngularVelocityToVector.cpp">
      <Filter>USpiceTypes</Filter>
    </ClCompile>
    <ClCompile Include="USpiceTypes\USpiceTypes_Conv_SVelocityVectorToVector.cpp">
      <Filter>USpiceTypes</Filter>
    </ClCompile>
    <ClCompile Include="USpiceTypes\USpiceTypes_Conv_SDimensionlessVectorToVector.cpp">
      <Filter>USpiceTypes</Filter>
    </ClCompile>
    <ClCompile Include="USpiceTypes\USpiceTypes_Conv_SDistanceVectorToVector.cpp">
      <Filter>USpiceTypes</Filter>
    </ClCompile>
    <ClCompile Include="USpiceTypes\USpiceTypes_Conv_SQuaternionToQuat.cpp">
      <Filter>USpiceTypes</Filter>
    </ClCompile>
    <ClCompile Include="USpiceTypes\USpiceTypes_Conv_QuatToSQuaternion.cpp">
      <Filter>USpiceTypes</Filter>
    </ClCompile>
    <ClCompile Include="USpice\rotate.cpp">
      <Filter>USpice</Filter>
    </ClCompile>
    <ClCompile Include="USpice\axisar.cpp">
      <Filter>USpice</Filter>
    </ClCompile>
    <ClCompile Include="USpice\raxisa.cpp">
      <Filter>USpice</Filter>
    </ClCompile>
    <ClCompile Include="USpice\vrotv.cpp">
      <Filter>USpice</Filter>
    </ClCompile>
  </ItemGroup>
  <ItemGroup>
    <None Include="packages.config" />
  </ItemGroup>
  <ItemGroup>
    <Filter Include="Common">
      <UniqueIdentifier>{2adb841e-6311-4853-81b6-4bf08afc32d0}</UniqueIdentifier>
    </Filter>
    <Filter Include="Common\Include">
      <UniqueIdentifier>{7a6bd4fd-9624-4cf6-b18b-4fc9e088f766}</UniqueIdentifier>
    </Filter>
    <Filter Include="UE5Dependencies">
      <UniqueIdentifier>{d16e9408-8522-45b1-b902-0a46dd3605b2}</UniqueIdentifier>
    </Filter>
    <Filter Include="MaxQDependencies">
      <UniqueIdentifier>{02a9ec25-e68d-48b2-8d93-afd8c19c4b11}</UniqueIdentifier>
    </Filter>
    <Filter Include="USpiceTypes">
      <UniqueIdentifier>{536b1100-78e3-49b3-9143-e82812317d50}</UniqueIdentifier>
    </Filter>
    <Filter Include="USpice">
      <UniqueIdentifier>{6ca8233a-346c-4de3-bef9-af0200e051c6}</UniqueIdentifier>
    </Filter>
    <Filter Include="Common\Kernels">
      <UniqueIdentifier>{48f6ccc6-155b-4bf6-bef9-90bbfd302bc4}</UniqueIdentifier>
    </Filter>
    <Filter Include="Common\Kernels\unit_test_only">
      <UniqueIdentifier>{7c33a771-70eb-4a22-9e8b-560d5e026fb2}</UniqueIdentifier>
    </Filter>
    <Filter Include="Common\Source">
      <UniqueIdentifier>{846521ef-9e50-4f56-9c55-7121eba89b52}</UniqueIdentifier>
    </Filter>
  </ItemGroup>
  <ItemGroup>
    <ClInclude Include="..\..\Common\include\UE5HostDefs.h">
      <Filter>Common\Include</Filter>
    </ClInclude>
    <ClInclude Include="..\..\Common\include\SpiceHostDefs.h">
      <Filter>Common\Include</Filter>
    </ClInclude>
    <ClInclude Include="pch.h" />
    <ClInclude Include="..\..\Common\include\MaxQTestDefinitions.h">
      <Filter>Common\Include</Filter>
    </ClInclude>
  </ItemGroup>
  <ItemGroup>
    <CopyFileToFolders Include="..\..\..\Binaries\Win64\UnrealEditor-Spice.dll">
      <Filter>MaxQDependencies</Filter>
    </CopyFileToFolders>
    <CopyFileToFolders Include="..\..\..\Binaries\Win64\UnrealEditor-Spice.pdb">
      <Filter>MaxQDependencies</Filter>
    </CopyFileToFolders>
    <CopyFileToFolders Include="..\..\Common\kernels\unit_test_only\maxq_unit_test_lsk.tls">
      <Filter>Common\Kernels\unit_test_only</Filter>
    </CopyFileToFolders>
    <CopyFileToFolders Include="..\..\Common\kernels\unit_test_only\maxq_unit_test_spk.bsp">
      <Filter>Common\Kernels\unit_test_only</Filter>
    </CopyFileToFolders>
    <CopyFileToFolders Include="..\..\Common\kernels\unit_test_only\maxq_unit_test_pck.tpc">
      <Filter>Common\Kernels\unit_test_only</Filter>
    </CopyFileToFolders>
    <CopyFileToFolders Include="..\..\Common\kernels\unit_test_only\maxq_unit_test_fk.tf">
      <Filter>Common\Kernels\unit_test_only</Filter>
    </CopyFileToFolders>
    <CopyFileToFolders Include="..\..\Common\kernels\unit_test_only\maxq_unit_test_meta.tm">
      <Filter>Common\Kernels\unit_test_only</Filter>
    </CopyFileToFolders>
    <CopyFileToFolders Include="C:\Program Files\Epic Games\UE_5.0\Engine\Binaries\Win64\libfbxsdk.dll" />
    <CopyFileToFolders Include="C:\Program Files\Epic Games\UE_5.0\Engine\Binaries\Win64\UnrealEditor-Core.dll" />
    <CopyFileToFolders Include="C:\Program Files\Epic Games\UE_5.0\Engine\Binaries\Win64\UnrealEditor-BuildSettings.dll" />
    <CopyFileToFolders Include="C:\Program Files\Epic Games\UE_5.0\Engine\Binaries\Win64\UnrealEditor-TraceLog.dll" />
    <CopyFileToFolders Include="C:\Program Files\Epic Games\UE_5.0\Engine\Binaries\Win64\UnrealEditor-CoreUObject.dll" />
    <CopyFileToFolders Include="C:\Program Files\Epic Games\UE_5.0\Engine\Binaries\Win64\UnrealEditor-Engine.dll" />
    <CopyFileToFolders Include="C:\Program Files\Epic Games\UE_5.0\Engine\Binaries\Win64\UnrealEditor-Projects.dll" />
    <CopyFileToFolders Include="C:\Program Files\Epic Games\UE_5.0\Engine\Binaries\Win64\UnrealEditor-Json.dll" />
    <CopyFileToFolders Include="C:\Program Files\Epic Games\UE_5.0\Engine\Binaries\Win64\UnrealEditor-EditorAnalyticsSession.dll" />
    <CopyFileToFolders Include="C:\Program Files\Epic Games\UE_5.0\Engine\Binaries\Win64\UnrealEditor-AppFramework.dll" />
    <CopyFileToFolders Include="C:\Program Files\Epic Games\UE_5.0\Engine\Binaries\Win64\UnrealEditor-Landscape.dll" />
    <CopyFileToFolders Include="C:\Program Files\Epic Games\UE_5.0\Engine\Binaries\Win64\UnrealEditor-UMG.dll" />
    <CopyFileToFolders Include="C:\Program Files\Epic Games\UE_5.0\Engine\Binaries\Win64\UnrealEditor-TypedElementFramework.dll" />
    <CopyFileToFolders Include="C:\Program Files\Epic Games\UE_5.0\Engine\Binaries\Win64\UnrealEditor-TypedElementRuntime.dll" />
    <CopyFileToFolders Include="C:\Program Files\Epic Games\UE_5.0\Engine\Binaries\Win64\UnrealEditor-MaterialShaderQualitySettings.dll" />
    <CopyFileToFolders Include="C:\Program Files\Epic Games\UE_5.0\Engine\Binaries\Win64\UnrealEditor-Analytics.dll" />
    <CopyFileToFolders Include="C:\Program Files\Epic Games\UE_5.0\Engine\Binaries\Win64\UnrealEditor-AudioMixer.dll" />
    <CopyFileToFolders Include="C:\Program Files\Epic Games\UE_5.0\Engine\Binaries\Win64\UnrealEditor-SignalProcessing.dll" />
    <CopyFileToFolders Include="C:\Program Files\Epic Games\UE_5.0\Engine\Binaries\Win64\UnrealEditor-CrunchCompression.dll" />
    <CopyFileToFolders Include="C:\Program Files\Epic Games\UE_5.0\Engine\Binaries\Win64\UnrealEditor-RawMesh.dll" />
    <CopyFileToFolders Include="C:\Program Files\Epic Games\UE_5.0\Engine\Binaries\Win64\UnrealEditor-EditorStyle.dll" />
    <CopyFileToFolders Include="C:\Program Files\Epic Games\UE_5.0\Engine\Binaries\Win64\UnrealEditor-PerfCounters.dll" />
    <CopyFileToFolders Include="C:\Program Files\Epic Games\UE_5.0\Engine\Binaries\Win64\UnrealEditor-ImageCore.dll" />
    <CopyFileToFolders Include="C:\Program Files\Epic Games\UE_5.0\Engine\Binaries\Win64\UnrealEditor-DeveloperToolSettings.dll" />
    <CopyFileToFolders Include="C:\Program Files\Epic Games\UE_5.0\Engine\Binaries\Win64\UnrealEditor-ClothingSystemEditorInterface.dll" />
    <CopyFileToFolders Include="C:\Program Files\Epic Games\UE_5.0\Engine\Binaries\Win64\UnrealEditor-NetCore.dll" />
    <CopyFileToFolders Include="C:\Program Files\Epic Games\UE_5.0\Engine\Binaries\Win64\UnrealEditor-ApplicationCore.dll" />
    <CopyFileToFolders Include="C:\Program Files\Epic Games\UE_5.0\Engine\Binaries\Win64\UnrealEditor-SlateCore.dll" />
    <CopyFileToFolders Include="C:\Program Files\Epic Games\UE_5.0\Engine\Binaries\Win64\UnrealEditor-Slate.dll" />
    <CopyFileToFolders Include="C:\Program Files\Epic Games\UE_5.0\Engine\Binaries\Win64\UnrealEditor-InputCore.dll" />
    <CopyFileToFolders Include="C:\Program Files\Epic Games\UE_5.0\Engine\Binaries\Win64\UnrealEditor-RenderCore.dll" />
    <CopyFileToFolders Include="C:\Program Files\Epic Games\UE_5.0\Engine\Binaries\Win64\UnrealEditor-AnalyticsET.dll" />
    <CopyFileToFolders Include="C:\Program Files\Epic Games\UE_5.0\Engine\Binaries\Win64\UnrealEditor-RHI.dll" />
    <CopyFileToFolders Include="C:\Program Files\Epic Games\UE_5.0\Engine\Binaries\Win64\UnrealEditor-AssetRegistry.dll" />
    <CopyFileToFolders Include="C:\Program Files\Epic Games\UE_5.0\Engine\Binaries\Win64\UnrealEditor-EngineMessages.dll" />
    <CopyFileToFolders Include="C:\Program Files\Epic Games\UE_5.0\Engine\Binaries\Win64\UnrealEditor-EngineSettings.dll" />
    <CopyFileToFolders Include="C:\Program Files\Epic Games\UE_5.0\Engine\Binaries\Win64\UnrealEditor-GameplayTags.dll" />
    <CopyFileToFolders Include="C:\Program Files\Epic Games\UE_5.0\Engine\Binaries\Win64\UnrealEditor-PacketHandler.dll" />
    <CopyFileToFolders Include="C:\Program Files\Epic Games\UE_5.0\Engine\Binaries\Win64\UnrealEditor-AudioPlatformConfiguration.dll" />
    <CopyFileToFolders Include="C:\Program Files\Epic Games\UE_5.0\Engine\Binaries\Win64\UnrealEditor-MeshDescription.dll" />
    <CopyFileToFolders Include="C:\Program Files\Epic Games\UE_5.0\Engine\Binaries\Win64\UnrealEditor-StaticMeshDescription.dll" />
    <CopyFileToFolders Include="C:\Program Files\Epic Games\UE_5.0\Engine\Binaries\Win64\UnrealEditor-PakFile.dll" />
    <CopyFileToFolders Include="C:\Program Files\Epic Games\UE_5.0\Engine\Binaries\Win64\UnrealEditor-PhysicsCore.dll" />
    <CopyFileToFolders Include="C:\Program Files\Epic Games\UE_5.0\Engine\Binaries\Win64\UnrealEditor-AudioExtensions.dll" />
    <CopyFileToFolders Include="C:\Program Files\Epic Games\UE_5.0\Engine\Binaries\Win64\UnrealEditor-DeveloperSettings.dll" />
    <CopyFileToFolders Include="C:\Program Files\Epic Games\UE_5.0\Engine\Binaries\Win64\UnrealEditor-UnrealEd.dll" />
    <CopyFileToFolders Include="C:\Program Files\Epic Games\UE_5.0\Engine\Binaries\Win64\UnrealEditor-Kismet.dll" />
    <CopyFileToFolders Include="C:\Program Files\Epic Games\UE_5.0\Engine\Binaries\Win64\UnrealEditor-Chaos.dll" />
    <CopyFileToFolders Include="C:\Program Files\Epic Games\UE_5.0\Engine\Binaries\Win64\UnrealEditor-ClothingSystemRuntimeInterface.dll" />
    <CopyFileToFolders Include="C:\Program Files\Epic Games\UE_5.0\Engine\Binaries\Win64\UnrealEditor-DesktopPlatform.dll" />
    <CopyFileToFolders Include="C:\Program Files\Epic Games\UE_5.0\Engine\Binaries\Win64\UnrealEditor-Renderer.dll" />
    <CopyFileToFolders Include="C:\Program Files\Epic Games\UE_5.0\Engine\Binaries\Win64\UnrealEditor-Foliage.dll" />
    <CopyFileToFolders Include="C:\Program Files\Epic Games\UE_5.0\Engine\Binaries\Win64\UnrealEditor-MaterialUtilities.dll" />
    <CopyFileToFolders Include="C:\Program Files\Epic Games\UE_5.0\Engine\Binaries\Win64\UnrealEditor-HTTP.dll" />
    <CopyFileToFolders Include="C:\Program Files\Epic Games\UE_5.0\Engine\Binaries\Win64\UnrealEditor-MovieScene.dll" />
    <CopyFileToFolders Include="C:\Program Files\Epic Games\UE_5.0\Engine\Binaries\Win64\UnrealEditor-MovieSceneTracks.dll" />
    <CopyFileToFolders Include="C:\Program Files\Epic Games\UE_5.0\Engine\Binaries\Win64\UnrealEditor-PropertyPath.dll" />
    <CopyFileToFolders Include="C:\Program Files\Epic Games\UE_5.0\Engine\Binaries\Win64\UnrealEditor-AudioMixerCore.dll" />
    <CopyFileToFolders Include="C:\Program Files\Epic Games\UE_5.0\Engine\Binaries\Win64\UnrealEditor-SoundFieldRendering.dll" />
    <CopyFileToFolders Include="C:\Program Files\Epic Games\UE_5.0\Engine\Binaries\Win64\UnrealEditor-HTTPServer.dll" />
    <CopyFileToFolders Include="C:\Program Files\Epic Games\UE_5.0\Engine\Binaries\Win64\UnrealEditor-PakFileUtilities.dll" />
    <CopyFileToFolders Include="C:\Program Files\Epic Games\UE_5.0\Engine\Binaries\Win64\UnrealEditor-ReliabilityHandlerComponent.dll" />
    <CopyFileToFolders Include="C:\Program Files\Epic Games\UE_5.0\Engine\Binaries\Win64\UnrealEditor-UELibSampleRate.dll" />
    <CopyFileToFolders Include="C:\Program Files\Epic Games\UE_5.0\Engine\Binaries\Win64\UnrealEditor-MeshUtilitiesCommon.dll" />
    <CopyFileToFolders Include="C:\Program Files\Epic Games\UE_5.0\Engine\Binaries\Win64\UnrealEditor-RSA.dll" />
    <CopyFileToFolders Include="C:\Program Files\Epic Games\UE_5.0\Engine\Binaries\Win64\UnrealEditor-AssetTagsEditor.dll" />
    <CopyFileToFolders Include="C:\Program Files\Epic Games\UE_5.0\Engine\Binaries\Win64\UnrealEditor-LevelSequence.dll" />
    <CopyFileToFolders Include="C:\Program Files\Epic Games\UE_5.0\Engine\Binaries\Win64\UnrealEditor-AnimGraph.dll" />
    <CopyFileToFolders Include="C:\Program Files\Epic Games\UE_5.0\Engine\Binaries\Win64\UnrealEditor-BlueprintGraph.dll" />
    <CopyFileToFolders Include="C:\Program Files\Epic Games\UE_5.0\Engine\Binaries\Win64\UnrealEditor-CinematicCamera.dll" />
    <CopyFileToFolders Include="C:\Program Files\Epic Games\UE_5.0\Engine\Binaries\Win64\UnrealEditor-CurveEditor.dll" />
    <CopyFileToFolders Include="C:\Program Files\Epic Games\UE_5.0\Engine\Binaries\Win64\UnrealEditor-IESFile.dll" />
    <CopyFileToFolders Include="C:\Program Files\Epic Games\UE_5.0\Engine\Binaries\Win64\UnrealEditor-ImageWriteQueue.dll" />
    <CopyFileToFolders Include="C:\Program Files\Epic Games\UE_5.0\Engine\Binaries\Win64\UnrealEditor-MaterialEditor.dll" />
    <CopyFileToFolders Include="C:\Program Files\Epic Games\UE_5.0\Engine\Binaries\Win64\UnrealEditor-PropertyEditor.dll" />
    <CopyFileToFolders Include="C:\Program Files\Epic Games\UE_5.0\Engine\Binaries\Win64\UnrealEditor-SkeletalMeshUtilitiesCommon.dll" />
    <CopyFileToFolders Include="C:\Program Files\Epic Games\UE_5.0\Engine\Binaries\Win64\UnrealEditor-TextureUtilitiesCommon.dll" />
    <CopyFileToFolders Include="C:\Program Files\Epic Games\UE_5.0\Engine\Binaries\Win64\UnrealEditor-StatsViewer.dll" />
    <CopyFileToFolders Include="C:\Program Files\Epic Games\UE_5.0\Engine\Binaries\Win64\UnrealEditor-SwarmInterface.dll" />
    <CopyFileToFolders Include="C:\Program Files\Epic Games\UE_5.0\Engine\Binaries\Win64\UnrealEditor-GraphEditor.dll" />
    <CopyFileToFolders Include="C:\Program Files\Epic Games\UE_5.0\Engine\Binaries\Win64\UnrealEditor-JsonUtilities.dll" />
    <CopyFileToFolders Include="C:\Program Files\Epic Games\UE_5.0\Engine\Binaries\Win64\UnrealEditor-Localization.dll" />
    <CopyFileToFolders Include="C:\Program Files\Epic Games\UE_5.0\Engine\Binaries\Win64\UnrealEditor-LevelEditor.dll" />
    <CopyFileToFolders Include="C:\Program Files\Epic Games\UE_5.0\Engine\Binaries\Win64\UnrealEditor-AddContentDialog.dll" />
    <CopyFileToFolders Include="C:\Program Files\Epic Games\UE_5.0\Engine\Binaries\Win64\UnrealEditor-GameProjectGeneration.dll" />
    <CopyFileToFolders Include="C:\Program Files\Epic Games\UE_5.0\Engine\Binaries\Win64\UnrealEditor-HierarchicalLODUtilities.dll" />
    <CopyFileToFolders Include="C:\Program Files\Epic Games\UE_5.0\Engine\Binaries\Win64\UnrealEditor-ViewportInteraction.dll" />
    <CopyFileToFolders Include="C:\Program Files\Epic Games\UE_5.0\Engine\Binaries\Win64\UnrealEditor-VREditor.dll" />
    <CopyFileToFolders Include="C:\Program Files\Epic Games\UE_5.0\Engine\Binaries\Win64\UnrealEditor-ClothingSystemRuntimeCommon.dll" />
    <CopyFileToFolders Include="C:\Program Files\Epic Games\UE_5.0\Engine\Binaries\Win64\UnrealEditor-PIEPreviewDeviceProfileSelector.dll" />
    <CopyFileToFolders Include="C:\Program Files\Epic Games\UE_5.0\Engine\Binaries\Win64\UnrealEditor-TimeManagement.dll" />
    <CopyFileToFolders Include="C:\Program Files\Epic Games\UE_5.0\Engine\Binaries\Win64\UnrealEditor-DerivedDataCache.dll" />
    <CopyFileToFolders Include="C:\Program Files\Epic Games\UE_5.0\Engine\Binaries\Win64\UnrealEditor-ScriptDisassembler.dll" />
    <CopyFileToFolders Include="C:\Program Files\Epic Games\UE_5.0\Engine\Binaries\Win64\UnrealEditor-ToolMenus.dll" />
    <CopyFileToFolders Include="C:\Program Files\Epic Games\UE_5.0\Engine\Binaries\Win64\UnrealEditor-IoStoreUtilities.dll" />
    <CopyFileToFolders Include="C:\Program Files\Epic Games\UE_5.0\Engine\Binaries\Win64\UnrealEditor-EditorInteractiveToolsFramework.dll" />
    <CopyFileToFolders Include="C:\Program Files\Epic Games\UE_5.0\Engine\Binaries\Win64\UnrealEditor-AnimationModifiers.dll" />
    <CopyFileToFolders Include="C:\Program Files\Epic Games\UE_5.0\Engine\Binaries\Win64\UnrealEditor-DirectoryWatcher.dll" />
    <CopyFileToFolders Include="C:\Program Files\Epic Games\UE_5.0\Engine\Binaries\Win64\UnrealEditor-SandboxFile.dll" />
    <CopyFileToFolders Include="C:\Program Files\Epic Games\UE_5.0\Engine\Binaries\Win64\UnrealEditor-EditorFramework.dll" />
    <CopyFileToFolders Include="C:\Program Files\Epic Games\UE_5.0\Engine\Binaries\Win64\UnrealEditor-SourceControl.dll" />
    <CopyFileToFolders Include="C:\Program Files\Epic Games\UE_5.0\Engine\Binaries\Win64\UnrealEditor-UnrealEdMessages.dll" />
    <CopyFileToFolders Include="C:\Program Files\Epic Games\UE_5.0\Engine\Binaries\Win64\UnrealEditor-NavigationSystem.dll" />
    <CopyFileToFolders Include="C:\Program Files\Epic Games\UE_5.0\Engine\Binaries\Win64\UnrealEditor-EditorSubsystem.dll" />
    <CopyFileToFolders Include="C:\Program Files\Epic Games\UE_5.0\Engine\Binaries\Win64\UnrealEditor-InteractiveToolsFramework.dll" />
    <CopyFileToFolders Include="C:\Program Files\Epic Games\UE_5.0\Engine\Binaries\Win64\UnrealEditor-StatusBar.dll" />
    <CopyFileToFolders Include="C:\Program Files\Epic Games\UE_5.0\Engine\Binaries\Win64\UnrealEditor-InterchangeEngine.dll" />
    <CopyFileToFolders Include="C:\Program Files\Epic Games\UE_5.0\Engine\Binaries\Win64\UnrealEditor-EditorWidgets.dll" />
    <CopyFileToFolders Include="C:\Program Files\Epic Games\UE_5.0\Engine\Binaries\Win64\UnrealEditor-KismetWidgets.dll" />
    <CopyFileToFolders Include="C:\Program Files\Epic Games\UE_5.0\Engine\Binaries\Win64\UnrealEditor-KismetCompiler.dll" />
    <CopyFileToFolders Include="C:\Program Files\Epic Games\UE_5.0\Engine\Binaries\Win64\UnrealEditor-BlueprintEditorLibrary.dll" />
    <CopyFileToFolders Include="C:\Program Files\Epic Games\UE_5.0\Engine\Binaries\Win64\UnrealEditor-SharedSettingsWidgets.dll" />
    <CopyFileToFolders Include="C:\Program Files\Epic Games\UE_5.0\Engine\Binaries\Win64\UnrealEditor-Voronoi.dll" />
    <CopyFileToFolders Include="C:\Program Files\Epic Games\UE_5.0\Engine\Binaries\Win64\UnrealEditor-MaterialBaking.dll" />
    <CopyFileToFolders Include="C:\Program Files\Epic Games\UE_5.0\Engine\Binaries\Win64\UnrealEditor-SSL.dll" />
    <CopyFileToFolders Include="C:\Program Files\Epic Games\UE_5.0\Engine\Binaries\Win64\UnrealEditor-Sockets.dll" />
    <CopyFileToFolders Include="C:\Program Files\Epic Games\UE_5.0\Engine\Binaries\Win64\UnrealEditor-AnimGraphRuntime.dll" />
    <CopyFileToFolders Include="C:\Program Files\Epic Games\UE_5.0\Engine\Binaries\Win64\UnrealEditor-AnimationCore.dll" />
    <CopyFileToFolders Include="C:\Program Files\Epic Games\UE_5.0\Engine\Binaries\Win64\UnrealEditor-MediaAssets.dll" />
    <CopyFileToFolders Include="C:\Program Files\Epic Games\UE_5.0\Engine\Binaries\Win64\UnrealEditor-AdvancedPreviewScene.dll" />
    <CopyFileToFolders Include="C:\Program Files\Epic Games\UE_5.0\Engine\Binaries\Win64\UnrealEditor-SceneOutliner.dll" />
    <CopyFileToFolders Include="C:\Program Files\Epic Games\UE_5.0\Engine\Binaries\Win64\UnrealEditor-EditorConfig.dll" />
    <CopyFileToFolders Include="C:\Program Files\Epic Games\UE_5.0\Engine\Binaries\Win64\UnrealEditor-ActorPickerMode.dll" />
    <CopyFileToFolders Include="C:\Program Files\Epic Games\UE_5.0\Engine\Binaries\Win64\UnrealEditor-SceneDepthPickerMode.dll" />
    <CopyFileToFolders Include="C:\Program Files\Epic Games\UE_5.0\Engine\Binaries\Win64\UnrealEditor-CommonMenuExtensions.dll" />
    <CopyFileToFolders Include="C:\Program Files\Epic Games\UE_5.0\Engine\Binaries\Win64\UnrealEditor-DataLayerEditor.dll" />
    <CopyFileToFolders Include="C:\Program Files\Epic Games\UE_5.0\Engine\Binaries\Win64\UnrealEditor-WidgetCarousel.dll" />
    <CopyFileToFolders Include="C:\Program Files\Epic Games\UE_5.0\Engine\Binaries\Win64\UnrealEditor-ClassViewer.dll" />
    <CopyFileToFolders Include="C:\Program Files\Epic Games\UE_5.0\Engine\Binaries\Win64\UnrealEditor-HardwareTargeting.dll" />
    <CopyFileToFolders Include="C:\Program Files\Epic Games\UE_5.0\Engine\Binaries\Win64\UnrealEditor-HeadMountedDisplay.dll" />
    <CopyFileToFolders Include="C:\Program Files\Epic Games\UE_5.0\Engine\Binaries\Win64\UnrealEditor-Sequencer.dll" />
    <CopyFileToFolders Include="C:\Program Files\Epic Games\UE_5.0\Engine\Binaries\Win64\UnrealEditor-PIEPreviewDeviceSpecification.dll" />
    <CopyFileToFolders Include="C:\Program Files\Epic Games\UE_5.0\Engine\Binaries\Win64\UnrealEditor-Navmesh.dll" />
    <CopyFileToFolders Include="C:\Program Files\Epic Games\UE_5.0\Engine\Binaries\Win64\UnrealEditor-InterchangeCore.dll" />
    <CopyFileToFolders Include="C:\Program Files\Epic Games\UE_5.0\Engine\Binaries\Win64\UnrealEditor-Media.dll" />
    <CopyFileToFolders Include="C:\Program Files\Epic Games\UE_5.0\Engine\Binaries\Win64\UnrealEditor-MediaUtils.dll" />
    <CopyFileToFolders Include="C:\Program Files\Epic Games\UE_5.0\Engine\Binaries\Win64\UnrealEditor-ContentBrowserData.dll" />
    <CopyFileToFolders Include="C:\Program Files\Epic Games\UE_5.0\Engine\Binaries\Win64\UnrealEditor-AugmentedReality.dll" />
    <CopyFileToFolders Include="C:\Program Files\Epic Games\UE_5.0\Engine\Binaries\Win64\UnrealEditor-ContentBrowser.dll" />
    <CopyFileToFolders Include="C:\Program Files\Epic Games\UE_5.0\Engine\Binaries\Win64\UnrealEditor-MovieSceneTools.dll" />
    <CopyFileToFolders Include="C:\Program Files\Epic Games\UE_5.0\Engine\Binaries\Win64\UnrealEditor-MovieSceneCapture.dll" />
    <CopyFileToFolders Include="C:\Program Files\Epic Games\UE_5.0\Engine\Binaries\Win64\UnrealEditor-SerializedRecorderInterface.dll" />
    <CopyFileToFolders Include="C:\Program Files\Epic Games\UE_5.0\Engine\Binaries\Win64\UnrealEditor-MRMesh.dll" />
    <CopyFileToFolders Include="C:\Program Files\Epic Games\UE_5.0\Engine\Binaries\Win64\UnrealEditor-AssetTools.dll" />
    <CopyFileToFolders Include="C:\Program Files\Epic Games\UE_5.0\Engine\Binaries\Win64\UnrealEditor-SourceControlWindows.dll" />
    <CopyFileToFolders Include="C:\Program Files\Epic Games\UE_5.0\Engine\Binaries\Win64\UnrealEditor-LiveLinkInterface.dll" />
    <CopyFileToFolders Include="C:\Program Files\Epic Games\UE_5.0\Engine\Binaries\Win64\UnrealEditor-SequenceRecorder.dll" />
    <CopyFileToFolders Include="C:\Program Files\Epic Games\UE_5.0\Engine\Binaries\Win64\UnrealEditor-XmlParser.dll" />
    <CopyFileToFolders Include="C:\Program Files\Epic Games\UE_5.0\Engine\Binaries\Win64\UnrealEditor-AVIWriter.dll" />
  </ItemGroup>
</Project>